
Microsoft Visual Studio Solution File, Format Version 12.00
# Visual Studio Version 17
VisualStudioVersion = 17.10.34928.147
MinimumVisualStudioVersion = 10.0.40219.1
Project("{9A19103F-16F7-4668-BE54-9A1E7A4F7556}") = "Webhook.Publisher_1_1", "Webhook.Publisher_1_1\Webhook.Publisher_1_1.csproj", "{B4F49EBF-DEB8-4571-8572-1D1A1F6A0954}"
EndProject
Project("{FAE04EC0-301F-11D3-BF4B-00C04F79EFBC}") = "WebhookSubscriber", "WebhookSubscriber\WebhookSubscriber.csproj", "{BC11FB63-FA23-4594-AEE9-69A6055525C5}"
EndProject
Project("{2150E333-8FDC-42A3-9474-1A3956D46DE8}") = "Solution Items", "Solution Items", "{B3478545-80A6-412A-96B0-E87A9C826A4A}"
	ProjectSection(SolutionItems) = preProject
		Readme.txt = Readme.txt
	EndProjectSection
EndProject
Global
	GlobalSection(SolutionConfigurationPlatforms) = preSolution
		Debug|Any CPU = Debug|Any CPU
		Release|Any CPU = Release|Any CPU
	EndGlobalSection
	GlobalSection(ProjectConfigurationPlatforms) = postSolution
		{B4F49EBF-DEB8-4571-8572-1D1A1F6A0954}.Debug|Any CPU.ActiveCfg = Debug|Any CPU
		{B4F49EBF-DEB8-4571-8572-1D1A1F6A0954}.Debug|Any CPU.Build.0 = Debug|Any CPU
		{B4F49EBF-DEB8-4571-8572-1D1A1F6A0954}.Release|Any CPU.ActiveCfg = Release|Any CPU
		{B4F49EBF-DEB8-4571-8572-1D1A1F6A0954}.Release|Any CPU.Build.0 = Release|Any CPU
		{BC11FB63-FA23-4594-AEE9-69A6055525C5}.Debug|Any CPU.ActiveCfg = Debug|Any CPU
		{BC11FB63-FA23-4594-AEE9-69A6055525C5}.Debug|Any CPU.Build.0 = Debug|Any CPU
		{BC11FB63-FA23-4594-AEE9-69A6055525C5}.Release|Any CPU.ActiveCfg = Release|Any CPU
		{BC11FB63-FA23-4594-AEE9-69A6055525C5}.Release|Any CPU.Build.0 = Release|Any CPU
	EndGlobalSection
	GlobalSection(SolutionProperties) = preSolution
		HideSolutionNode = FALSE
	EndGlobalSection
	GlobalSection(ExtensibilityGlobals) = postSolution
		SolutionGuid = {09F08AA4-0E32-4839-A6A8-DFDC7A5B308B}
	EndGlobalSection
EndGlobal
